
Microsoft Visual Studio Solution File, Format Version 12.00
# Visual Studio Version 17
VisualStudioVersion = 17.11.35303.130
MinimumVisualStudioVersion = 10.0.40219.1
Project("{9A19103F-16F7-4668-BE54-9A1E7A4F7556}") = "ShopApp", "ShopApp\ShopApp.csproj", "{3D1D81F3-77DD-4DEB-889B-EFEE398CA9B5}"
EndProject
Project("{FAE04EC0-301F-11D3-BF4B-00C04F79EFBC}") = "ShopApp.BLL", "ShopApp.BLL\ShopApp.BLL.csproj", "{ACF592A1-831D-4A97-91C9-E31507C2A0E5}"
EndProject
Project("{FAE04EC0-301F-11D3-BF4B-00C04F79EFBC}") = "ShopApp.DAL", "ShopApp.DAL\ShopApp.DAL.csproj", "{8038FD0C-B659-45B8-B313-510C986524A0}"
EndProject
Global
	GlobalSection(SolutionConfigurationPlatforms) = preSolution
		Debug|Any CPU = Debug|Any CPU
		Release|Any CPU = Release|Any CPU
	EndGlobalSection
	GlobalSection(ProjectConfigurationPlatforms) = postSolution
		{3D1D81F3-77DD-4DEB-889B-EFEE398CA9B5}.Debug|Any CPU.ActiveCfg = Debug|Any CPU
		{3D1D81F3-77DD-4DEB-889B-EFEE398CA9B5}.Debug|Any CPU.Build.0 = Debug|Any CPU
		{3D1D81F3-77DD-4DEB-889B-EFEE398CA9B5}.Release|Any CPU.ActiveCfg = Release|Any CPU
		{3D1D81F3-77DD-4DEB-889B-EFEE398CA9B5}.Release|Any CPU.Build.0 = Release|Any CPU
		{ACF592A1-831D-4A97-91C9-E31507C2A0E5}.Debug|Any CPU.ActiveCfg = Debug|Any CPU
		{ACF592A1-831D-4A97-91C9-E31507C2A0E5}.Debug|Any CPU.Build.0 = Debug|Any CPU
		{ACF592A1-831D-4A97-91C9-E31507C2A0E5}.Release|Any CPU.ActiveCfg = Release|Any CPU
		{ACF592A1-831D-4A97-91C9-E31507C2A0E5}.Release|Any CPU.Build.0 = Release|Any CPU
		{8038FD0C-B659-45B8-B313-510C986524A0}.Debug|Any CPU.ActiveCfg = Debug|Any CPU
		{8038FD0C-B659-45B8-B313-510C986524A0}.Debug|Any CPU.Build.0 = Debug|Any CPU
		{8038FD0C-B659-45B8-B313-510C986524A0}.Release|Any CPU.ActiveCfg = Release|Any CPU
		{8038FD0C-B659-45B8-B313-510C986524A0}.Release|Any CPU.Build.0 = Release|Any CPU
	EndGlobalSection
	GlobalSection(SolutionProperties) = preSolution
		HideSolutionNode = FALSE
	EndGlobalSection
	GlobalSection(ExtensibilityGlobals) = postSolution
		SolutionGuid = {8C041BD1-0567-4491-8597-B60D3853EDD1}
	EndGlobalSection
EndGlobal
